
Microsoft Visual Studio Solution File, Format Version 12.00
# Visual Studio Version 17
VisualStudioVersion = 17.0.31903.59
MinimumVisualStudioVersion = 10.0.40219.1
Project("{2150E333-8FDC-42A3-9474-1A3956D46DE8}") = "src", "src", "{827E0CD3-B72D-47B6-A68D-7590B98EB39B}"
EndProject
Project("{FAE04EC0-301F-11D3-BF4B-00C04F79EFBC}") = "ecommerce.Domain", "src\ecommerce.Domain\ecommerce.Domain.csproj", "{9DD822CD-22F8-4B32-BC6A-F98D2BB2ACCB}"
EndProject
Project("{FAE04EC0-301F-11D3-BF4B-00C04F79EFBC}") = "ecommerce.Application", "src\ecommerce.Application\ecommerce.Application.csproj", "{DEE678C6-AAD2-4A9D-B034-5881FBEDDBF3}"
EndProject
Project("{FAE04EC0-301F-11D3-BF4B-00C04F79EFBC}") = "ecommerce.Infrastructure", "src\ecommerce.Infrastructure\ecommerce.Infrastructure.csproj", "{9897A065-4E8B-4407-87F7-E407634020AB}"
EndProject
Project("{FAE04EC0-301F-11D3-BF4B-00C04F79EFBC}") = "ecommerce.Api", "src\ecommerce.Api\ecommerce.Api.csproj", "{84D41A55-E805-4F03-B37A-B29039F6C783}"
EndProject
Global
	GlobalSection(SolutionConfigurationPlatforms) = preSolution
		Debug|Any CPU = Debug|Any CPU
		Debug|x64 = Debug|x64
		Debug|x86 = Debug|x86
		Release|Any CPU = Release|Any CPU
		Release|x64 = Release|x64
		Release|x86 = Release|x86
	EndGlobalSection
	GlobalSection(ProjectConfigurationPlatforms) = postSolution
		{9DD822CD-22F8-4B32-BC6A-F98D2BB2ACCB}.Debug|Any CPU.ActiveCfg = Debug|Any CPU
		{9DD822CD-22F8-4B32-BC6A-F98D2BB2ACCB}.Debug|Any CPU.Build.0 = Debug|Any CPU
		{9DD822CD-22F8-4B32-BC6A-F98D2BB2ACCB}.Debug|x64.ActiveCfg = Debug|Any CPU
		{9DD822CD-22F8-4B32-BC6A-F98D2BB2ACCB}.Debug|x64.Build.0 = Debug|Any CPU
		{9DD822CD-22F8-4B32-BC6A-F98D2BB2ACCB}.Debug|x86.ActiveCfg = Debug|Any CPU
		{9DD822CD-22F8-4B32-BC6A-F98D2BB2ACCB}.Debug|x86.Build.0 = Debug|Any CPU
		{9DD822CD-22F8-4B32-BC6A-F98D2BB2ACCB}.Release|Any CPU.ActiveCfg = Release|Any CPU
		{9DD822CD-22F8-4B32-BC6A-F98D2BB2ACCB}.Release|Any CPU.Build.0 = Release|Any CPU
		{9DD822CD-22F8-4B32-BC6A-F98D2BB2ACCB}.Release|x64.ActiveCfg = Release|Any CPU
		{9DD822CD-22F8-4B32-BC6A-F98D2BB2ACCB}.Release|x64.Build.0 = Release|Any CPU
		{9DD822CD-22F8-4B32-BC6A-F98D2BB2ACCB}.Release|x86.ActiveCfg = Release|Any CPU
		{9DD822CD-22F8-4B32-BC6A-F98D2BB2ACCB}.Release|x86.Build.0 = Release|Any CPU
		{DEE678C6-AAD2-4A9D-B034-5881FBEDDBF3}.Debug|Any CPU.ActiveCfg = Debug|Any CPU
		{DEE678C6-AAD2-4A9D-B034-5881FBEDDBF3}.Debug|Any CPU.Build.0 = Debug|Any CPU
		{DEE678C6-AAD2-4A9D-B034-5881FBEDDBF3}.Debug|x64.ActiveCfg = Debug|Any CPU
		{DEE678C6-AAD2-4A9D-B034-5881FBEDDBF3}.Debug|x64.Build.0 = Debug|Any CPU
		{DEE678C6-AAD2-4A9D-B034-5881FBEDDBF3}.Debug|x86.ActiveCfg = Debug|Any CPU
		{DEE678C6-AAD2-4A9D-B034-5881FBEDDBF3}.Debug|x86.Build.0 = Debug|Any CPU
		{DEE678C6-AAD2-4A9D-B034-5881FBEDDBF3}.Release|Any CPU.ActiveCfg = Release|Any CPU
		{DEE678C6-AAD2-4A9D-B034-5881FBEDDBF3}.Release|Any CPU.Build.0 = Release|Any CPU
		{DEE678C6-AAD2-4A9D-B034-5881FBEDDBF3}.Release|x64.ActiveCfg = Release|Any CPU
		{DEE678C6-AAD2-4A9D-B034-5881FBEDDBF3}.Release|x64.Build.0 = Release|Any CPU
		{DEE678C6-AAD2-4A9D-B034-5881FBEDDBF3}.Release|x86.ActiveCfg = Release|Any CPU
		{DEE678C6-AAD2-4A9D-B034-5881FBEDDBF3}.Release|x86.Build.0 = Release|Any CPU
		{9897A065-4E8B-4407-87F7-E407634020AB}.Debug|Any CPU.ActiveCfg = Debug|Any CPU
		{9897A065-4E8B-4407-87F7-E407634020AB}.Debug|Any CPU.Build.0 = Debug|Any CPU
		{9897A065-4E8B-4407-87F7-E407634020AB}.Debug|x64.ActiveCfg = Debug|Any CPU
		{9897A065-4E8B-4407-87F7-E407634020AB}.Debug|x64.Build.0 = Debug|Any CPU
		{9897A065-4E8B-4407-87F7-E407634020AB}.Debug|x86.ActiveCfg = Debug|Any CPU
		{9897A065-4E8B-4407-87F7-E407634020AB}.Debug|x86.Build.0 = Debug|Any CPU
		{9897A065-4E8B-4407-87F7-E407634020AB}.Release|Any CPU.ActiveCfg = Release|Any CPU
		{9897A065-4E8B-4407-87F7-E407634020AB}.Release|Any CPU.Build.0 = Release|Any CPU
		{9897A065-4E8B-4407-87F7-E407634020AB}.Release|x64.ActiveCfg = Release|Any CPU
		{9897A065-4E8B-4407-87F7-E407634020AB}.Release|x64.Build.0 = Release|Any CPU
		{9897A065-4E8B-4407-87F7-E407634020AB}.Release|x86.ActiveCfg = Release|Any CPU
		{9897A065-4E8B-4407-87F7-E407634020AB}.Release|x86.Build.0 = Release|Any CPU
		{84D41A55-E805-4F03-B37A-B29039F6C783}.Debug|Any CPU.ActiveCfg = Debug|Any CPU
		{84D41A55-E805-4F03-B37A-B29039F6C783}.Debug|Any CPU.Build.0 = Debug|Any CPU
		{84D41A55-E805-4F03-B37A-B29039F6C783}.Debug|x64.ActiveCfg = Debug|Any CPU
		{84D41A55-E805-4F03-B37A-B29039F6C783}.Debug|x64.Build.0 = Debug|Any CPU
		{84D41A55-E805-4F03-B37A-B29039F6C783}.Debug|x86.ActiveCfg = Debug|Any CPU
		{84D41A55-E805-4F03-B37A-B29039F6C783}.Debug|x86.Build.0 = Debug|Any CPU
		{84D41A55-E805-4F03-B37A-B29039F6C783}.Release|Any CPU.ActiveCfg = Release|Any CPU
		{84D41A55-E805-4F03-B37A-B29039F6C783}.Release|Any CPU.Build.0 = Release|Any CPU
		{84D41A55-E805-4F03-B37A-B29039F6C783}.Release|x64.ActiveCfg = Release|Any CPU
		{84D41A55-E805-4F03-B37A-B29039F6C783}.Release|x64.Build.0 = Release|Any CPU
		{84D41A55-E805-4F03-B37A-B29039F6C783}.Release|x86.ActiveCfg = Release|Any CPU
		{84D41A55-E805-4F03-B37A-B29039F6C783}.Release|x86.Build.0 = Release|Any CPU
	EndGlobalSection
	GlobalSection(SolutionProperties) = preSolution
		HideSolutionNode = FALSE
	EndGlobalSection
	GlobalSection(NestedProjects) = preSolution
		{9DD822CD-22F8-4B32-BC6A-F98D2BB2ACCB} = {827E0CD3-B72D-47B6-A68D-7590B98EB39B}
		{DEE678C6-AAD2-4A9D-B034-5881FBEDDBF3} = {827E0CD3-B72D-47B6-A68D-7590B98EB39B}
		{9897A065-4E8B-4407-87F7-E407634020AB} = {827E0CD3-B72D-47B6-A68D-7590B98EB39B}
		{84D41A55-E805-4F03-B37A-B29039F6C783} = {827E0CD3-B72D-47B6-A68D-7590B98EB39B}
	EndGlobalSection
EndGlobal
