
Microsoft Visual Studio Solution File, Format Version 12.00
# Visual Studio Version 17
VisualStudioVersion = 17.0.31903.59
MinimumVisualStudioVersion = 10.0.40219.1
Project("{FAE04EC0-301F-11D3-BF4B-00C04F79EFBC}") = "CRM.API", "CRM.API\CRM.API.csproj", "{DBECED71-32D2-4F3E-A9B7-7800F46A8131}"
EndProject
Project("{FAE04EC0-301F-11D3-BF4B-00C04F79EFBC}") = "cmr.WebBlazor", "cmr.WebBlazor\cmr.WebBlazor.csproj", "{588BFD93-320F-40BB-AC8A-7B767F6E8142}"
EndProject
Project("{FAE04EC0-301F-11D3-BF4B-00C04F79EFBC}") = "crm.DataAccess", "crm.DataAccess\crm.DataAccess.csproj", "{490A11CC-A564-4064-A77F-555B931A3DD6}"
EndProject
Project("{FAE04EC0-301F-11D3-BF4B-00C04F79EFBC}") = "crm.Model", "crm.Model\crm.Model.csproj", "{B3176238-48C6-4F4E-BE72-216E8632F809}"
EndProject
Project("{FAE04EC0-301F-11D3-BF4B-00C04F79EFBC}") = "crm.Service", "crm.Service\crm.Service.csproj", "{302DBB89-7A26-4079-89FD-62B66866961F}"
EndProject
Project("{FAE04EC0-301F-11D3-BF4B-00C04F79EFBC}") = "crm.Utility", "crm.Utility\crm.Utility.csproj", "{44431BA2-EC53-4B87-9FB2-946F7D0F73E2}"
EndProject
Global
	GlobalSection(SolutionConfigurationPlatforms) = preSolution
		Debug|Any CPU = Debug|Any CPU
		Debug|x64 = Debug|x64
		Debug|x86 = Debug|x86
		Release|Any CPU = Release|Any CPU
		Release|x64 = Release|x64
		Release|x86 = Release|x86
	EndGlobalSection
	GlobalSection(ProjectConfigurationPlatforms) = postSolution
		{DBECED71-32D2-4F3E-A9B7-7800F46A8131}.Debug|Any CPU.ActiveCfg = Debug|Any CPU
		{DBECED71-32D2-4F3E-A9B7-7800F46A8131}.Debug|Any CPU.Build.0 = Debug|Any CPU
		{DBECED71-32D2-4F3E-A9B7-7800F46A8131}.Debug|x64.ActiveCfg = Debug|Any CPU
		{DBECED71-32D2-4F3E-A9B7-7800F46A8131}.Debug|x64.Build.0 = Debug|Any CPU
		{DBECED71-32D2-4F3E-A9B7-7800F46A8131}.Debug|x86.ActiveCfg = Debug|Any CPU
		{DBECED71-32D2-4F3E-A9B7-7800F46A8131}.Debug|x86.Build.0 = Debug|Any CPU
		{DBECED71-32D2-4F3E-A9B7-7800F46A8131}.Release|Any CPU.ActiveCfg = Release|Any CPU
		{DBECED71-32D2-4F3E-A9B7-7800F46A8131}.Release|Any CPU.Build.0 = Release|Any CPU
		{DBECED71-32D2-4F3E-A9B7-7800F46A8131}.Release|x64.ActiveCfg = Release|Any CPU
		{DBECED71-32D2-4F3E-A9B7-7800F46A8131}.Release|x64.Build.0 = Release|Any CPU
		{DBECED71-32D2-4F3E-A9B7-7800F46A8131}.Release|x86.ActiveCfg = Release|Any CPU
		{DBECED71-32D2-4F3E-A9B7-7800F46A8131}.Release|x86.Build.0 = Release|Any CPU
		{588BFD93-320F-40BB-AC8A-7B767F6E8142}.Debug|Any CPU.ActiveCfg = Debug|Any CPU
		{588BFD93-320F-40BB-AC8A-7B767F6E8142}.Debug|Any CPU.Build.0 = Debug|Any CPU
		{588BFD93-320F-40BB-AC8A-7B767F6E8142}.Debug|x64.ActiveCfg = Debug|Any CPU
		{588BFD93-320F-40BB-AC8A-7B767F6E8142}.Debug|x64.Build.0 = Debug|Any CPU
		{588BFD93-320F-40BB-AC8A-7B767F6E8142}.Debug|x86.ActiveCfg = Debug|Any CPU
		{588BFD93-320F-40BB-AC8A-7B767F6E8142}.Debug|x86.Build.0 = Debug|Any CPU
		{588BFD93-320F-40BB-AC8A-7B767F6E8142}.Release|Any CPU.ActiveCfg = Release|Any CPU
		{588BFD93-320F-40BB-AC8A-7B767F6E8142}.Release|Any CPU.Build.0 = Release|Any CPU
		{588BFD93-320F-40BB-AC8A-7B767F6E8142}.Release|x64.ActiveCfg = Release|Any CPU
		{588BFD93-320F-40BB-AC8A-7B767F6E8142}.Release|x64.Build.0 = Release|Any CPU
		{588BFD93-320F-40BB-AC8A-7B767F6E8142}.Release|x86.ActiveCfg = Release|Any CPU
		{588BFD93-320F-40BB-AC8A-7B767F6E8142}.Release|x86.Build.0 = Release|Any CPU
		{490A11CC-A564-4064-A77F-555B931A3DD6}.Debug|Any CPU.ActiveCfg = Debug|Any CPU
		{490A11CC-A564-4064-A77F-555B931A3DD6}.Debug|Any CPU.Build.0 = Debug|Any CPU
		{490A11CC-A564-4064-A77F-555B931A3DD6}.Debug|x64.ActiveCfg = Debug|Any CPU
		{490A11CC-A564-4064-A77F-555B931A3DD6}.Debug|x64.Build.0 = Debug|Any CPU
		{490A11CC-A564-4064-A77F-555B931A3DD6}.Debug|x86.ActiveCfg = Debug|Any CPU
		{490A11CC-A564-4064-A77F-555B931A3DD6}.Debug|x86.Build.0 = Debug|Any CPU
		{490A11CC-A564-4064-A77F-555B931A3DD6}.Release|Any CPU.ActiveCfg = Release|Any CPU
		{490A11CC-A564-4064-A77F-555B931A3DD6}.Release|Any CPU.Build.0 = Release|Any CPU
		{490A11CC-A564-4064-A77F-555B931A3DD6}.Release|x64.ActiveCfg = Release|Any CPU
		{490A11CC-A564-4064-A77F-555B931A3DD6}.Release|x64.Build.0 = Release|Any CPU
		{490A11CC-A564-4064-A77F-555B931A3DD6}.Release|x86.ActiveCfg = Release|Any CPU
		{490A11CC-A564-4064-A77F-555B931A3DD6}.Release|x86.Build.0 = Release|Any CPU
		{B3176238-48C6-4F4E-BE72-216E8632F809}.Debug|Any CPU.ActiveCfg = Debug|Any CPU
		{B3176238-48C6-4F4E-BE72-216E8632F809}.Debug|Any CPU.Build.0 = Debug|Any CPU
		{B3176238-48C6-4F4E-BE72-216E8632F809}.Debug|x64.ActiveCfg = Debug|Any CPU
		{B3176238-48C6-4F4E-BE72-216E8632F809}.Debug|x64.Build.0 = Debug|Any CPU
		{B3176238-48C6-4F4E-BE72-216E8632F809}.Debug|x86.ActiveCfg = Debug|Any CPU
		{B3176238-48C6-4F4E-BE72-216E8632F809}.Debug|x86.Build.0 = Debug|Any CPU
		{B3176238-48C6-4F4E-BE72-216E8632F809}.Release|Any CPU.ActiveCfg = Release|Any CPU
		{B3176238-48C6-4F4E-BE72-216E8632F809}.Release|Any CPU.Build.0 = Release|Any CPU
		{B3176238-48C6-4F4E-BE72-216E8632F809}.Release|x64.ActiveCfg = Release|Any CPU
		{B3176238-48C6-4F4E-BE72-216E8632F809}.Release|x64.Build.0 = Release|Any CPU
		{B3176238-48C6-4F4E-BE72-216E8632F809}.Release|x86.ActiveCfg = Release|Any CPU
		{B3176238-48C6-4F4E-BE72-216E8632F809}.Release|x86.Build.0 = Release|Any CPU
		{302DBB89-7A26-4079-89FD-62B66866961F}.Debug|Any CPU.ActiveCfg = Debug|Any CPU
		{302DBB89-7A26-4079-89FD-62B66866961F}.Debug|Any CPU.Build.0 = Debug|Any CPU
		{302DBB89-7A26-4079-89FD-62B66866961F}.Debug|x64.ActiveCfg = Debug|Any CPU
		{302DBB89-7A26-4079-89FD-62B66866961F}.Debug|x64.Build.0 = Debug|Any CPU
		{302DBB89-7A26-4079-89FD-62B66866961F}.Debug|x86.ActiveCfg = Debug|Any CPU
		{302DBB89-7A26-4079-89FD-62B66866961F}.Debug|x86.Build.0 = Debug|Any CPU
		{302DBB89-7A26-4079-89FD-62B66866961F}.Release|Any CPU.ActiveCfg = Release|Any CPU
		{302DBB89-7A26-4079-89FD-62B66866961F}.Release|Any CPU.Build.0 = Release|Any CPU
		{302DBB89-7A26-4079-89FD-62B66866961F}.Release|x64.ActiveCfg = Release|Any CPU
		{302DBB89-7A26-4079-89FD-62B66866961F}.Release|x64.Build.0 = Release|Any CPU
		{302DBB89-7A26-4079-89FD-62B66866961F}.Release|x86.ActiveCfg = Release|Any CPU
		{302DBB89-7A26-4079-89FD-62B66866961F}.Release|x86.Build.0 = Release|Any CPU
		{44431BA2-EC53-4B87-9FB2-946F7D0F73E2}.Debug|Any CPU.ActiveCfg = Debug|Any CPU
		{44431BA2-EC53-4B87-9FB2-946F7D0F73E2}.Debug|Any CPU.Build.0 = Debug|Any CPU
		{44431BA2-EC53-4B87-9FB2-946F7D0F73E2}.Debug|x64.ActiveCfg = Debug|Any CPU
		{44431BA2-EC53-4B87-9FB2-946F7D0F73E2}.Debug|x64.Build.0 = Debug|Any CPU
		{44431BA2-EC53-4B87-9FB2-946F7D0F73E2}.Debug|x86.ActiveCfg = Debug|Any CPU
		{44431BA2-EC53-4B87-9FB2-946F7D0F73E2}.Debug|x86.Build.0 = Debug|Any CPU
		{44431BA2-EC53-4B87-9FB2-946F7D0F73E2}.Release|Any CPU.ActiveCfg = Release|Any CPU
		{44431BA2-EC53-4B87-9FB2-946F7D0F73E2}.Release|Any CPU.Build.0 = Release|Any CPU
		{44431BA2-EC53-4B87-9FB2-946F7D0F73E2}.Release|x64.ActiveCfg = Release|Any CPU
		{44431BA2-EC53-4B87-9FB2-946F7D0F73E2}.Release|x64.Build.0 = Release|Any CPU
		{44431BA2-EC53-4B87-9FB2-946F7D0F73E2}.Release|x86.ActiveCfg = Release|Any CPU
		{44431BA2-EC53-4B87-9FB2-946F7D0F73E2}.Release|x86.Build.0 = Release|Any CPU
	EndGlobalSection
	GlobalSection(SolutionProperties) = preSolution
		HideSolutionNode = FALSE
	EndGlobalSection
EndGlobal
